
Microsoft Visual Studio Solution File, Format Version 12.00
# Visual Studio 14
VisualStudioVersion = 14.0.25420.1
MinimumVisualStudioVersion = 10.0.40219.1
Project("{2150E333-8FDC-42A3-9474-1A3956D46DE8}") = "src", "src", "{8D4B4D95-9045-4043-BF65-8C316BEBFA4E}"
EndProject
Project("{8BB2217D-0F2D-49D1-97BC-3654ED321F3B}") = "DutyFree.Cache", "src\DutyFree.Cache\DutyFree.Cache.xproj", "{E49ADD0D-03BA-4443-9E4A-B3C57A4302DC}"
EndProject
Project("{8BB2217D-0F2D-49D1-97BC-3654ED321F3B}") = "DutyFree.DataAccess", "src\DutyFree.DataAccess\DutyFree.DataAccess.xproj", "{9EE8F9DB-BDE1-4E66-A4BC-932CD2907A0D}"
EndProject
Project("{8BB2217D-0F2D-49D1-97BC-3654ED321F3B}") = "DutyFree.Entity", "src\DutyFree.Entity\DutyFree.Entity.xproj", "{17B1A2AC-B0D3-4CDF-B1D6-CDE63CCD1967}"
EndProject
Project("{8BB2217D-0F2D-49D1-97BC-3654ED321F3B}") = "DutyFree.Platform", "src\DutyFree.Platform\DutyFree.Platform.xproj", "{2F15CB5B-6B45-4F48-AFE1-565737A4B300}"
EndProject
Project("{8BB2217D-0F2D-49D1-97BC-3654ED321F3B}") = "DutyFree.Service", "src\DutyFree.Service\DutyFree.Service.xproj", "{AEDA8230-02CB-449C-B5E5-3E27C0A30BD5}"
EndProject
Project("{8BB2217D-0F2D-49D1-97BC-3654ED321F3B}") = "DutyFree.WebCore", "src\DutyFree.WebCore\DutyFree.WebCore.xproj", "{3BC654D8-4557-45DB-B75B-9FCEB3820B97}"
EndProject
Project("{8BB2217D-0F2D-49D1-97BC-3654ED321F3B}") = "DutyFree.Mobile", "src\DutyFree.Mobile\DutyFree.Mobile.xproj", "{AFE608E1-857C-4A0F-B986-3050E8DC9560}"
EndProject
Project("{8BB2217D-0F2D-49D1-97BC-3654ED321F3B}") = "DutyFree.Admin", "src\DutyFree.Admin\DutyFree.Admin.xproj", "{8FE7FD71-7318-4120-A0F0-DAF222FBF1F6}"
EndProject
Project("{8BB2217D-0F2D-49D1-97BC-3654ED321F3B}") = "DutyFree.Restful", "src\DutyFree.Restful\DutyFree.Restful.xproj", "{A90BDA85-A80E-491E-B61D-407DC90E0B6C}"
EndProject
Global
	GlobalSection(SolutionConfigurationPlatforms) = preSolution
		Debug|Any CPU = Debug|Any CPU
		Release|Any CPU = Release|Any CPU
	EndGlobalSection
	GlobalSection(ProjectConfigurationPlatforms) = postSolution
		{E49ADD0D-03BA-4443-9E4A-B3C57A4302DC}.Debug|Any CPU.ActiveCfg = Debug|Any CPU
		{E49ADD0D-03BA-4443-9E4A-B3C57A4302DC}.Debug|Any CPU.Build.0 = Debug|Any CPU
		{E49ADD0D-03BA-4443-9E4A-B3C57A4302DC}.Release|Any CPU.ActiveCfg = Release|Any CPU
		{E49ADD0D-03BA-4443-9E4A-B3C57A4302DC}.Release|Any CPU.Build.0 = Release|Any CPU
		{9EE8F9DB-BDE1-4E66-A4BC-932CD2907A0D}.Debug|Any CPU.ActiveCfg = Debug|Any CPU
		{9EE8F9DB-BDE1-4E66-A4BC-932CD2907A0D}.Debug|Any CPU.Build.0 = Debug|Any CPU
		{9EE8F9DB-BDE1-4E66-A4BC-932CD2907A0D}.Release|Any CPU.ActiveCfg = Release|Any CPU
		{9EE8F9DB-BDE1-4E66-A4BC-932CD2907A0D}.Release|Any CPU.Build.0 = Release|Any CPU
		{17B1A2AC-B0D3-4CDF-B1D6-CDE63CCD1967}.Debug|Any CPU.ActiveCfg = Debug|Any CPU
		{17B1A2AC-B0D3-4CDF-B1D6-CDE63CCD1967}.Debug|Any CPU.Build.0 = Debug|Any CPU
		{17B1A2AC-B0D3-4CDF-B1D6-CDE63CCD1967}.Release|Any CPU.ActiveCfg = Release|Any CPU
		{17B1A2AC-B0D3-4CDF-B1D6-CDE63CCD1967}.Release|Any CPU.Build.0 = Release|Any CPU
		{2F15CB5B-6B45-4F48-AFE1-565737A4B300}.Debug|Any CPU.ActiveCfg = Debug|Any CPU
		{2F15CB5B-6B45-4F48-AFE1-565737A4B300}.Debug|Any CPU.Build.0 = Debug|Any CPU
		{2F15CB5B-6B45-4F48-AFE1-565737A4B300}.Release|Any CPU.ActiveCfg = Release|Any CPU
		{2F15CB5B-6B45-4F48-AFE1-565737A4B300}.Release|Any CPU.Build.0 = Release|Any CPU
		{AEDA8230-02CB-449C-B5E5-3E27C0A30BD5}.Debug|Any CPU.ActiveCfg = Debug|Any CPU
		{AEDA8230-02CB-449C-B5E5-3E27C0A30BD5}.Debug|Any CPU.Build.0 = Debug|Any CPU
		{AEDA8230-02CB-449C-B5E5-3E27C0A30BD5}.Release|Any CPU.ActiveCfg = Release|Any CPU
		{AEDA8230-02CB-449C-B5E5-3E27C0A30BD5}.Release|Any CPU.Build.0 = Release|Any CPU
		{3BC654D8-4557-45DB-B75B-9FCEB3820B97}.Debug|Any CPU.ActiveCfg = Debug|Any CPU
		{3BC654D8-4557-45DB-B75B-9FCEB3820B97}.Debug|Any CPU.Build.0 = Debug|Any CPU
		{3BC654D8-4557-45DB-B75B-9FCEB3820B97}.Release|Any CPU.ActiveCfg = Release|Any CPU
		{3BC654D8-4557-45DB-B75B-9FCEB3820B97}.Release|Any CPU.Build.0 = Release|Any CPU
		{AFE608E1-857C-4A0F-B986-3050E8DC9560}.Debug|Any CPU.ActiveCfg = Debug|Any CPU
		{AFE608E1-857C-4A0F-B986-3050E8DC9560}.Debug|Any CPU.Build.0 = Debug|Any CPU
		{AFE608E1-857C-4A0F-B986-3050E8DC9560}.Release|Any CPU.ActiveCfg = Release|Any CPU
		{AFE608E1-857C-4A0F-B986-3050E8DC9560}.Release|Any CPU.Build.0 = Release|Any CPU
		{8FE7FD71-7318-4120-A0F0-DAF222FBF1F6}.Debug|Any CPU.ActiveCfg = Debug|Any CPU
		{8FE7FD71-7318-4120-A0F0-DAF222FBF1F6}.Debug|Any CPU.Build.0 = Debug|Any CPU
		{8FE7FD71-7318-4120-A0F0-DAF222FBF1F6}.Release|Any CPU.ActiveCfg = Release|Any CPU
		{8FE7FD71-7318-4120-A0F0-DAF222FBF1F6}.Release|Any CPU.Build.0 = Release|Any CPU
		{A90BDA85-A80E-491E-B61D-407DC90E0B6C}.Debug|Any CPU.ActiveCfg = Debug|Any CPU
		{A90BDA85-A80E-491E-B61D-407DC90E0B6C}.Debug|Any CPU.Build.0 = Debug|Any CPU
		{A90BDA85-A80E-491E-B61D-407DC90E0B6C}.Release|Any CPU.ActiveCfg = Release|Any CPU
		{A90BDA85-A80E-491E-B61D-407DC90E0B6C}.Release|Any CPU.Build.0 = Release|Any CPU
	EndGlobalSection
	GlobalSection(SolutionProperties) = preSolution
		HideSolutionNode = FALSE
	EndGlobalSection
	GlobalSection(NestedProjects) = preSolution
		{E49ADD0D-03BA-4443-9E4A-B3C57A4302DC} = {8D4B4D95-9045-4043-BF65-8C316BEBFA4E}
		{9EE8F9DB-BDE1-4E66-A4BC-932CD2907A0D} = {8D4B4D95-9045-4043-BF65-8C316BEBFA4E}
		{17B1A2AC-B0D3-4CDF-B1D6-CDE63CCD1967} = {8D4B4D95-9045-4043-BF65-8C316BEBFA4E}
		{2F15CB5B-6B45-4F48-AFE1-565737A4B300} = {8D4B4D95-9045-4043-BF65-8C316BEBFA4E}
		{AEDA8230-02CB-449C-B5E5-3E27C0A30BD5} = {8D4B4D95-9045-4043-BF65-8C316BEBFA4E}
		{3BC654D8-4557-45DB-B75B-9FCEB3820B97} = {8D4B4D95-9045-4043-BF65-8C316BEBFA4E}
		{AFE608E1-857C-4A0F-B986-3050E8DC9560} = {8D4B4D95-9045-4043-BF65-8C316BEBFA4E}
		{8FE7FD71-7318-4120-A0F0-DAF222FBF1F6} = {8D4B4D95-9045-4043-BF65-8C316BEBFA4E}
		{A90BDA85-A80E-491E-B61D-407DC90E0B6C} = {8D4B4D95-9045-4043-BF65-8C316BEBFA4E}
	EndGlobalSection
EndGlobal
